
Microsoft Visual Studio Solution File, Format Version 12.00
# Visual Studio Version 16
VisualStudioVersion = 16.0.29613.14
MinimumVisualStudioVersion = 10.0.40219.1
Project("{FAE04EC0-301F-11D3-BF4B-00C04F79EFBC}") = "PopAppAPI", "PopAppAPI.csproj", "{75AB4DDF-3A12-40D9-B92E-9C0B67AC6C65}"
EndProject
Project("{FAE04EC0-301F-11D3-BF4B-00C04F79EFBC}") = "PopAppCore", "..\PopAppCore\PopAppCore.csproj", "{444451C5-78C0-42C5-9079-EB6022B95D1D}"
EndProject
Project("{FAE04EC0-301F-11D3-BF4B-00C04F79EFBC}") = "PopAppData", "..\PopAppData\PopAppData.csproj", "{5011B66C-CE27-452F-8EBE-FAE17DC5DE79}"
EndProject
Global
	GlobalSection(SolutionConfigurationPlatforms) = preSolution
		Debug|Any CPU = Debug|Any CPU
		Release|Any CPU = Release|Any CPU
	EndGlobalSection
	GlobalSection(ProjectConfigurationPlatforms) = postSolution
		{75AB4DDF-3A12-40D9-B92E-9C0B67AC6C65}.Debug|Any CPU.ActiveCfg = Debug|Any CPU
		{75AB4DDF-3A12-40D9-B92E-9C0B67AC6C65}.Debug|Any CPU.Build.0 = Debug|Any CPU
		{75AB4DDF-3A12-40D9-B92E-9C0B67AC6C65}.Release|Any CPU.ActiveCfg = Release|Any CPU
		{75AB4DDF-3A12-40D9-B92E-9C0B67AC6C65}.Release|Any CPU.Build.0 = Release|Any CPU
		{444451C5-78C0-42C5-9079-EB6022B95D1D}.Debug|Any CPU.ActiveCfg = Debug|Any CPU
		{444451C5-78C0-42C5-9079-EB6022B95D1D}.Debug|Any CPU.Build.0 = Debug|Any CPU
		{444451C5-78C0-42C5-9079-EB6022B95D1D}.Release|Any CPU.ActiveCfg = Release|Any CPU
		{444451C5-78C0-42C5-9079-EB6022B95D1D}.Release|Any CPU.Build.0 = Release|Any CPU
		{5011B66C-CE27-452F-8EBE-FAE17DC5DE79}.Debug|Any CPU.ActiveCfg = Debug|Any CPU
		{5011B66C-CE27-452F-8EBE-FAE17DC5DE79}.Debug|Any CPU.Build.0 = Debug|Any CPU
		{5011B66C-CE27-452F-8EBE-FAE17DC5DE79}.Release|Any CPU.ActiveCfg = Release|Any CPU
		{5011B66C-CE27-452F-8EBE-FAE17DC5DE79}.Release|Any CPU.Build.0 = Release|Any CPU
	EndGlobalSection
	GlobalSection(SolutionProperties) = preSolution
		HideSolutionNode = FALSE
	EndGlobalSection
	GlobalSection(ExtensibilityGlobals) = postSolution
		SolutionGuid = {0C167528-4DFC-4A15-9E82-6B569FA57A7B}
	EndGlobalSection
EndGlobal
